// !$*UTF8*$!
{
	archiveVersion = 1;
	classes = {
	};
	objectVersion = 46;
	objects = {

/* Begin PBXBuildFile section */
		94D655991F925AC100893E40 /* AppDelegate.swift in Sources */ = {isa = PBXBuildFile; fileRef = 94D655981F925AC100893E40 /* AppDelegate.swift */; };
		94D6559B1F925AC100893E40 /* ViewController.swift in Sources */ = {isa = PBXBuildFile; fileRef = 94D6559A1F925AC100893E40 /* ViewController.swift */; };
		94D6559E1F925AC100893E40 /* Main.storyboard in Resources */ = {isa = PBXBuildFile; fileRef = 94D6559C1F925AC100893E40 /* Main.storyboard */; };
		94D655A01F925AC100893E40 /* Assets.xcassets in Resources */ = {isa = PBXBuildFile; fileRef = 94D6559F1F925AC100893E40 /* Assets.xcassets */; };
		94D655A31F925AC100893E40 /* LaunchScreen.storyboard in Resources */ = {isa = PBXBuildFile; fileRef = 94D655A11F925AC100893E40 /* LaunchScreen.storyboard */; };
		94D655AB1F925B7A00893E40 /* SecondViewController.swift in Sources */ = {isa = PBXBuildFile; fileRef = 94D655AA1F925B7A00893E40 /* SecondViewController.swift */; };
		94D655AD1F925B8100893E40 /* ThirdViewController.swift in Sources */ = {isa = PBXBuildFile; fileRef = 94D655AC1F925B8100893E40 /* ThirdViewController.swift */; };
		94D655B41F925BE700893E40 /* noun_90362_cc.png in Resources */ = {isa = PBXBuildFile; fileRef = 94D655AE1F925BE700893E40 /* noun_90362_cc.png */; };
		94D655B51F925BE700893E40 /* noun_90364_cc.png in Resources */ = {isa = PBXBuildFile; fileRef = 94D655AF1F925BE700893E40 /* noun_90364_cc.png */; };
		94D655B61F925BE700893E40 /* noun_90375_cc.png in Resources */ = {isa = PBXBuildFile; fileRef = 94D655B01F925BE700893E40 /* noun_90375_cc.png */; };
		94D655B71F925BE700893E40 /* noun_90376_cc.png in Resources */ = {isa = PBXBuildFile; fileRef = 94D655B11F925BE700893E40 /* noun_90376_cc.png */; };
		94D655B81F925BE700893E40 /* noun_374254_cc.png in Resources */ = {isa = PBXBuildFile; fileRef = 94D655B21F925BE700893E40 /* noun_374254_cc.png */; };
		94D655B91F925BE700893E40 /* noun_798314_cc.png in Resources */ = {isa = PBXBuildFile; fileRef = 94D655B31F925BE700893E40 /* noun_798314_cc.png */; };
/* End PBXBuildFile section */

/* Begin PBXFileReference section */
		94D655951F925AC100893E40 /* JYW_2014111548.app */ = {isa = PBXFileReference; explicitFileType = wrapper.application; includeInIndex = 0; path = JYW_2014111548.app; sourceTree = BUILT_PRODUCTS_DIR; };
		94D655981F925AC100893E40 /* AppDelegate.swift */ = {isa = PBXFileReference; lastKnownFileType = sourcecode.swift; path = AppDelegate.swift; sourceTree = "<group>"; };
		94D6559A1F925AC100893E40 /* ViewController.swift */ = {isa = PBXFileReference; lastKnownFileType = sourcecode.swift; path = ViewController.swift; sourceTree = "<group>"; };
		94D6559D1F925AC100893E40 /* Base */ = {isa = PBXFileReference; lastKnownFileType = file.storyboard; name = Base; path = Base.lproj/Main.storyboard; sourceTree = "<group>"; };
		94D6559F1F925AC100893E40 /* Assets.xcassets */ = {isa = PBXFileReference; lastKnownFileType = folder.assetcatalog; path = Assets.xcassets; sourceTree = "<group>"; };
		94D655A21F925AC100893E40 /* Base */ = {isa = PBXFileReference; lastKnownFileType = file.storyboard; name = Base; path = Base.lproj/LaunchScreen.storyboard; sourceTree = "<group>"; };
		94D655A41F925AC100893E40 /* Info.plist */ = {isa = PBXFileReference; lastKnownFileType = text.plist.xml; path = Info.plist; sourceTree = "<group>"; };
		94D655AA1F925B7A00893E40 /* SecondViewController.swift */ = {isa = PBXFileReference; fileEncoding = 4; lastKnownFileType = sourcecode.swift; path = SecondViewController.swift; sourceTree = "<group>"; };
		94D655AC1F925B8100893E40 /* ThirdViewController.swift */ = {isa = PBXFileReference; fileEncoding = 4; lastKnownFileType = sourcecode.swift; path = ThirdViewController.swift; sourceTree = "<group>"; };
		94D655AE1F925BE700893E40 /* noun_90362_cc.png */ = {isa = PBXFileReference; lastKnownFileType = image.png; path = noun_90362_cc.png; sourceTree = "<group>"; };
		94D655AF1F925BE700893E40 /* noun_90364_cc.png */ = {isa = PBXFileReference; lastKnownFileType = image.png; path = noun_90364_cc.png; sourceTree = "<group>"; };
		94D655B01F925BE700893E40 /* noun_90375_cc.png */ = {isa = PBXFileReference; lastKnownFileType = image.png; path = noun_90375_cc.png; sourceTree = "<group>"; };
		94D655B11F925BE700893E40 /* noun_90376_cc.png */ = {isa = PBXFileReference; lastKnownFileType = image.png; path = noun_90376_cc.png; sourceTree = "<group>"; };
		94D655B21F925BE700893E40 /* noun_374254_cc.png */ = {isa = PBXFileReference; lastKnownFileType = image.png; path = noun_374254_cc.png; sourceTree = "<group>"; };
		94D655B31F925BE700893E40 /* noun_798314_cc.png */ = {isa = PBXFileReference; lastKnownFileType = image.png; path = noun_798314_cc.png; sourceTree = "<group>"; };
/* End PBXFileReference section */

/* Begin PBXFrameworksBuildPhase section */
		94D655921F925AC100893E40 /* Frameworks */ = {
			isa = PBXFrameworksBuildPhase;
			buildActionMask = 2147483647;
			files = (
			);
			runOnlyForDeploymentPostprocessing = 0;
		};
/* End PBXFrameworksBuildPhase section */

/* Begin PBXGroup section */
		94D6558C1F925AC100893E40 = {
			isa = PBXGroup;
			children = (
				94D655971F925AC100893E40 /* JYW_2014111548 */,
				94D655961F925AC100893E40 /* Products */,
			);
			sourceTree = "<group>";
		};
		94D655961F925AC100893E40 /* Products */ = {
			isa = PBXGroup;
			children = (
				94D655951F925AC100893E40 /* JYW_2014111548.app */,
			);
			name = Products;
			sourceTree = "<group>";
		};
		94D655971F925AC100893E40 /* JYW_2014111548 */ = {
			isa = PBXGroup;
			children = (
				94D655AE1F925BE700893E40 /* noun_90362_cc.png */,
				94D655AF1F925BE700893E40 /* noun_90364_cc.png */,
				94D655B01F925BE700893E40 /* noun_90375_cc.png */,
				94D655B11F925BE700893E40 /* noun_90376_cc.png */,
				94D655B21F925BE700893E40 /* noun_374254_cc.png */,
				94D655B31F925BE700893E40 /* noun_798314_cc.png */,
				94D655981F925AC100893E40 /* AppDelegate.swift */,
				94D6559A1F925AC100893E40 /* ViewController.swift */,
				94D6559C1F925AC100893E40 /* Main.storyboard */,
				94D6559F1F925AC100893E40 /* Assets.xcassets */,
				94D655A11F925AC100893E40 /* LaunchScreen.storyboard */,
				94D655A41F925AC100893E40 /* Info.plist */,
				94D655AA1F925B7A00893E40 /* SecondViewController.swift */,
				94D655AC1F925B8100893E40 /* ThirdViewController.swift */,
			);
			path = JYW_2014111548;
			sourceTree = "<group>";
		};
/* End PBXGroup section */

/* Begin PBXNativeTarget section */
		94D655941F925AC100893E40 /* JYW_2014111548 */ = {
			isa = PBXNativeTarget;
			buildConfigurationList = 94D655A71F925AC100893E40 /* Build configuration list for PBXNativeTarget "JYW_2014111548" */;
			buildPhases = (
				94D655911F925AC100893E40 /* Sources */,
				94D655921F925AC100893E40 /* Frameworks */,
				94D655931F925AC100893E40 /* Resources */,
			);
			buildRules = (
			);
			dependencies = (
			);
			name = JYW_2014111548;
			productName = JYW_2014111548;
			productReference = 94D655951F925AC100893E40 /* JYW_2014111548.app */;
			productType = "com.apple.product-type.application";
		};
/* End PBXNativeTarget section */

/* Begin PBXProject section */
		94D6558D1F925AC100893E40 /* Project object */ = {
			isa = PBXProject;
			attributes = {
				LastSwiftUpdateCheck = 0830;
				LastUpgradeCheck = 0830;
				ORGANIZATIONNAME = "조예원";
				TargetAttributes = {
					94D655941F925AC100893E40 = {
						CreatedOnToolsVersion = 8.3.3;
						ProvisioningStyle = Automatic;
					};
				};
			};
			buildConfigurationList = 94D655901F925AC100893E40 /* Build configuration list for PBXProject "JYW_2014111548" */;
			compatibilityVersion = "Xcode 3.2";
			developmentRegion = English;
			hasScannedForEncodings = 0;
			knownRegions = (
				en,
				Base,
			);
			mainGroup = 94D6558C1F925AC100893E40;
			productRefGroup = 94D655961F925AC100893E40 /* Products */;
			projectDirPath = "";
			projectRoot = "";
			targets = (
				94D655941F925AC100893E40 /* JYW_2014111548 */,
			);
		};
/* End PBXProject section */

/* Begin PBXResourcesBuildPhase section */
		94D655931F925AC100893E40 /* Resources */ = {
			isa = PBXResourcesBuildPhase;
			buildActionMask = 2147483647;
			files = (
				94D655B61F925BE700893E40 /* noun_90375_cc.png in Resources */,
				94D655B91F925BE700893E40 /* noun_798314_cc.png in Resources */,
				94D655B41F925BE700893E40 /* noun_90362_cc.png in Resources */,
				94D655B81F925BE700893E40 /* noun_374254_cc.png in Resources */,
				94D655B71F925BE700893E40 /* noun_90376_cc.png in Resources */,
				94D655A31F925AC100893E40 /* LaunchScreen.storyboard in Resources */,
				94D655A01F925AC100893E40 /* Assets.xcassets in Resources */,
				94D655B51F925BE700893E40 /* noun_90364_cc.png in Resources */,
				94D6559E1F925AC100893E40 /* Main.storyboard in Resources */,
			);
			runOnlyForDeploymentPostprocessing = 0;
		};
/* End PBXResourcesBuildPhase section */

/* Begin PBXSourcesBuildPhase section */
		94D655911F925AC100893E40 /* Sources */ = {
			isa = PBXSourcesBuildPhase;
			buildActionMask = 2147483647;
			files = (
				94D655AB1F925B7A00893E40 /* SecondViewController.swift in Sources */,
				94D6559B1F925AC100893E40 /* ViewController.swift in Sources */,
				94D655AD1F925B8100893E40 /* ThirdViewController.swift in Sources */,
				94D655991F925AC100893E40 /* AppDelegate.swift in Sources */,
			);
			runOnlyForDeploymentPostprocessing = 0;
		};
/* End PBXSourcesBuildPhase section */

/* Begin PBXVariantGroup section */
		94D6559C1F925AC100893E40 /* Main.storyboard */ = {
			isa = PBXVariantGroup;
			children = (
				94D6559D1F925AC100893E40 /* Base */,
			);
			name = Main.storyboard;
			sourceTree = "<group>";
		};
		94D655A11F925AC100893E40 /* LaunchScreen.storyboard */ = {
			isa = PBXVariantGroup;
			children = (
				94D655A21F925AC100893E40 /* Base */,
			);
			name = LaunchScreen.storyboard;
			sourceTree = "<group>";
		};
/* End PBXVariantGroup section */

/* Begin XCBuildConfiguration section */
		94D655A51F925AC100893E40 /* Debug */ = {
			isa = XCBuildConfiguration;
			buildSettings = {
				ALWAYS_SEARCH_USER_PATHS = NO;
				CLANG_ANALYZER_NONNULL = YES;
				CLANG_ANALYZER_NUMBER_OBJECT_CONVERSION = YES_AGGRESSIVE;
				CLANG_CXX_LANGUAGE_STANDARD = "gnu++0x";
				CLANG_CXX_LIBRARY = "libc++";
				CLANG_ENABLE_MODULES = YES;
				CLANG_ENABLE_OBJC_ARC = YES;
				CLANG_WARN_BOOL_CONVERSION = YES;
				CLANG_WARN_CONSTANT_CONVERSION = YES;
				CLANG_WARN_DIRECT_OBJC_ISA_USAGE = YES_ERROR;
				CLANG_WARN_DOCUMENTATION_COMMENTS = YES;
				CLANG_WARN_EMPTY_BODY = YES;
				CLANG_WARN_ENUM_CONVERSION = YES;
				CLANG_WARN_INFINITE_RECURSION = YES;
				CLANG_WARN_INT_CONVERSION = YES;
				CLANG_WARN_OBJC_ROOT_CLASS = YES_ERROR;
				CLANG_WARN_SUSPICIOUS_MOVE = YES;
				CLANG_WARN_UNREACHABLE_CODE = YES;
				CLANG_WARN__DUPLICATE_METHOD_MATCH = YES;
				"CODE_SIGN_IDENTITY[sdk=iphoneos*]" = "iPhone Developer";
				COPY_PHASE_STRIP = NO;
				DEBUG_INFORMATION_FORMAT = dwarf;
				ENABLE_STRICT_OBJC_MSGSEND = YES;
				ENABLE_TESTABILITY = YES;
				GCC_C_LANGUAGE_STANDARD = gnu99;
				GCC_DYNAMIC_NO_PIC = NO;
				GCC_NO_COMMON_BLOCKS = YES;
				GCC_OPTIMIZATION_LEVEL = 0;
				GCC_PREPROCESSOR_DEFINITIONS = (
					"DEBUG=1",
					"$(inherited)",
				);
				GCC_WARN_64_TO_32_BIT_CONVERSION = YES;
				GCC_WARN_ABOUT_RETURN_TYPE = YES_ERROR;
				GCC_WARN_UNDECLARED_SELECTOR = YES;
				GCC_WARN_UNINITIALIZED_AUTOS = YES_AGGRESSIVE;
				GCC_WARN_UNUSED_FUNCTION = YES;
				GCC_WARN_UNUSED_VARIABLE = YES;
				IPHONEOS_DEPLOYMENT_TARGET = 10.3;
				MTL_ENABLE_DEBUG_INFO = YES;
				ONLY_ACTIVE_ARCH = YES;
				SDKROOT = iphoneos;
				SWIFT_ACTIVE_COMPILATION_CONDITIONS = DEBUG;
				SWIFT_OPTIMIZATION_LEVEL = "-Onone";
			};
			name = Debug;
		};
		94D655A61F925AC100893E40 /* Release */ = {
			isa = XCBuildConfiguration;
			buildSettings = {
				ALWAYS_SEARCH_USER_PATHS = NO;
				CLANG_ANALYZER_NONNULL = YES;
				CLANG_ANALYZER_NUMBER_OBJECT_CONVERSION = YES_AGGRESSIVE;
				CLANG_CXX_LANGUAGE_STANDARD = "gnu++0x";
				CLANG_CXX_LIBRARY = "libc++";
				CLANG_ENABLE_MODULES = YES;
				CLANG_ENABLE_OBJC_ARC = YES;
				CLANG_WARN_BOOL_CONVERSION = YES;
				CLANG_WARN_CONSTANT_CONVERSION = YES;
				CLANG_WARN_DIRECT_OBJC_ISA_USAGE = YES_ERROR;
				CLANG_WARN_DOCUMENTATION_COMMENTS = YES;
				CLANG_WARN_EMPTY_BODY = YES;
				CLANG_WARN_ENUM_CONVERSION = YES;
				CLANG_WARN_INFINITE_RECURSION = YES;
				CLANG_WARN_INT_CONVERSION = YES;
				CLANG_WARN_OBJC_ROOT_CLASS = YES_ERROR;
				CLANG_WARN_SUSPICIOUS_MOVE = YES;
				CLANG_WARN_UNREACHABLE_CODE = YES;
				CLANG_WARN__DUPLICATE_METHOD_MATCH = YES;
				"CODE_SIGN_IDENTITY[sdk=iphoneos*]" = "iPhone Developer";
				COPY_PHASE_STRIP = NO;
				DEBUG_INFORMATION_FORMAT = "dwarf-with-dsym";
				ENABLE_NS_ASSERTIONS = NO;
				ENABLE_STRICT_OBJC_MSGSEND = YES;
				GCC_C_LANGUAGE_STANDARD = gnu99;
				GCC_NO_COMMON_BLOCKS = YES;
				GCC_WARN_64_TO_32_BIT_CONVERSION = YES;
				GCC_WARN_ABOUT_RETURN_TYPE = YES_ERROR;
				GCC_WARN_UNDECLARED_SELECTOR = YES;
				GCC_WARN_UNINITIALIZED_AUTOS = YES_AGGRESSIVE;
				GCC_WARN_UNUSED_FUNCTION = YES;
				GCC_WARN_UNUSED_VARIABLE = YES;
				IPHONEOS_DEPLOYMENT_TARGET = 10.3;
				MTL_ENABLE_DEBUG_INFO = NO;
				SDKROOT = iphoneos;
				SWIFT_OPTIMIZATION_LEVEL = "-Owholemodule";
				VALIDATE_PRODUCT = YES;
			};
			name = Release;
		};
		94D655A81F925AC100893E40 /* Debug */ = {
			isa = XCBuildConfiguration;
			buildSettings = {
				ASSETCATALOG_COMPILER_APPICON_NAME = AppIcon;
				INFOPLIST_FILE = JYW_2014111548/Info.plist;
				LD_RUNPATH_SEARCH_PATHS = "$(inherited) @executable_path/Frameworks";
				PRODUCT_BUNDLE_IDENTIFIER = "Yewon.JYW-2014111548";
				PRODUCT_NAME = "$(TARGET_NAME)";
				SWIFT_VERSION = 3.0;
			};
			name = Debug;
		};
		94D655A91F925AC100893E40 /* Release */ = {
			isa = XCBuildConfiguration;
			buildSettings = {
				ASSETCATALOG_COMPILER_APPICON_NAME = AppIcon;
				INFOPLIST_FILE = JYW_2014111548/Info.plist;
				LD_RUNPATH_SEARCH_PATHS = "$(inherited) @executable_path/Frameworks";
				PRODUCT_BUNDLE_IDENTIFIER = "Yewon.JYW-2014111548";
				PRODUCT_NAME = "$(TARGET_NAME)";
				SWIFT_VERSION = 3.0;
			};
			name = Release;
		};
/* End XCBuildConfiguration section */

/* Begin XCConfigurationList section */
		94D655901F925AC100893E40 /* Build configuration list for PBXProject "JYW_2014111548" */ = {
			isa = XCConfigurationList;
			buildConfigurations = (
				94D655A51F925AC100893E40 /* Debug */,
				94D655A61F925AC100893E40 /* Release */,
			);
			defaultConfigurationIsVisible = 0;
			defaultConfigurationName = Release;
		};
		94D655A71F925AC100893E40 /* Build configuration list for PBXNativeTarget "JYW_2014111548" */ = {
			isa = XCConfigurationList;
			buildConfigurations = (
				94D655A81F925AC100893E40 /* Debug */,
				94D655A91F925AC100893E40 /* Release */,
			);
			defaultConfigurationIsVisible = 0;
		};
/* End XCConfigurationList section */
	};
	rootObject = 94D6558D1F925AC100893E40 /* Project object */;
}
